{
  "version": 4,
  "terraform_version": "1.1.9",
  "serial": 328,
  "lineage": "e983400f-406b-75c4-7eac-7c877d19ec65",
  "outputs": {},
  "resources": [
    {
      "mode": "managed",
      "type": "azurerm_lb",
      "name": "web-app-lb",
      "provider": "provider[\"registry.terraform.io/hashicorp/azurerm\"]",
      "instances": [
        {
          "schema_version": 0,
          "attributes": {
            "frontend_ip_configuration": [
              {
                "availability_zone": "No-Zone",
                "gateway_load_balancer_frontend_ip_configuration_id": "",
                "id": "/subscriptions/35f00753-16fe-4350-b5ca-ca6fb2a296af/resourceGroups/nuwm-cloud/providers/Microsoft.Network/loadBalancers/Web-app-LB/frontendIPConfigurations/primary",
                "inbound_nat_rules": [],
                "load_balancer_rules": [
                  "/subscriptions/35f00753-16fe-4350-b5ca-ca6fb2a296af/resourceGroups/nuwm-cloud/providers/Microsoft.Network/loadBalancers/Web-app-LB/loadBalancingRules/HTTP"
                ],
                "name": "primary",
                "outbound_rules": [],
                "private_ip_address": "",
                "private_ip_address_allocation": "Dynamic",
                "private_ip_address_version": "",
                "public_ip_address_id": "/subscriptions/35f00753-16fe-4350-b5ca-ca6fb2a296af/resourceGroups/nuwm-cloud/providers/Microsoft.Network/publicIPAddresses/lb-public",
                "public_ip_prefix_id": "",
                "subnet_id": "",
                "zones": []
              }
            ],
            "id": "/subscriptions/35f00753-16fe-4350-b5ca-ca6fb2a296af/resourceGroups/nuwm-cloud/providers/Microsoft.Network/loadBalancers/Web-app-LB",
            "location": "australiaeast",
            "name": "Web-app-LB",
            "private_ip_address": "",
            "private_ip_addresses": [],
            "resource_group_name": "nuwm-cloud",
            "sku": "Standard",
            "sku_tier": "Regional",
            "tags": {},
            "timeouts": null
          },
          "sensitive_attributes": [],
          "private": "eyJlMmJmYjczMC1lY2FhLTExZTYtOGY4OC0zNDM2M2JjN2M0YzAiOnsiY3JlYXRlIjoxODAwMDAwMDAwMDAwLCJkZWxldGUiOjE4MDAwMDAwMDAwMDAsInJlYWQiOjMwMDAwMDAwMDAwMCwidXBkYXRlIjoxODAwMDAwMDAwMDAwfX0=",
          "dependencies": [
            "azurerm_linux_virtual_machine.web",
            "azurerm_network_interface.vm-net-interface-private",
            "azurerm_public_ip.lb-public",
            "azurerm_resource_group.nuwm-cloud",
            "azurerm_subnet.vm-subnet",
            "azurerm_virtual_network.nuwm-cloud"
          ]
        }
      ]
    },
    {
      "mode": "managed",
      "type": "azurerm_lb_backend_address_pool",
      "name": "backend_pool",
      "provider": "provider[\"registry.terraform.io/hashicorp/azurerm\"]",
      "instances": [
        {
          "schema_version": 0,
          "attributes": {
            "backend_address": [],
            "backend_ip_configurations": [
              "/subscriptions/35f00753-16fe-4350-b5ca-ca6fb2a296af/resourceGroups/nuwm-cloud/providers/Microsoft.Network/networkInterfaces/vm-net-interface-private-1/ipConfigurations/internal",
              "/subscriptions/35f00753-16fe-4350-b5ca-ca6fb2a296af/resourceGroups/nuwm-cloud/providers/Microsoft.Network/networkInterfaces/vm-net-interface-private-0/ipConfigurations/internal"
            ],
            "id": "/subscriptions/35f00753-16fe-4350-b5ca-ca6fb2a296af/resourceGroups/nuwm-cloud/providers/Microsoft.Network/loadBalancers/Web-app-LB/backendAddressPools/LB-backend_address_pool",
            "load_balancing_rules": [
              "/subscriptions/35f00753-16fe-4350-b5ca-ca6fb2a296af/resourceGroups/nuwm-cloud/providers/Microsoft.Network/loadBalancers/Web-app-LB/loadBalancingRules/HTTP"
            ],
            "loadbalancer_id": "/subscriptions/35f00753-16fe-4350-b5ca-ca6fb2a296af/resourceGroups/nuwm-cloud/providers/Microsoft.Network/loadBalancers/Web-app-LB",
            "name": "LB-backend_address_pool",
            "outbound_rules": [],
            "resource_group_name": "nuwm-cloud",
            "timeouts": null,
            "tunnel_interface": []
          },
          "sensitive_attributes": [],
          "private": "eyJlMmJmYjczMC1lY2FhLTExZTYtOGY4OC0zNDM2M2JjN2M0YzAiOnsiY3JlYXRlIjoxODAwMDAwMDAwMDAwLCJkZWxldGUiOjE4MDAwMDAwMDAwMDAsInJlYWQiOjMwMDAwMDAwMDAwMCwidXBkYXRlIjoxODAwMDAwMDAwMDAwfX0=",
          "dependencies": [
            "azurerm_lb.web-app-lb",
            "azurerm_linux_virtual_machine.web",
            "azurerm_network_interface.vm-net-interface-private",
            "azurerm_public_ip.lb-public",
            "azurerm_resource_group.nuwm-cloud",
            "azurerm_subnet.vm-subnet",
            "azurerm_virtual_network.nuwm-cloud"
          ]
        }
      ]
    },
    {
      "mode": "managed",
      "type": "azurerm_lb_probe",
      "name": "http-probe",
      "provider": "provider[\"registry.terraform.io/hashicorp/azurerm\"]",
      "instances": [
        {
          "schema_version": 0,
          "attributes": {
            "id": "/subscriptions/35f00753-16fe-4350-b5ca-ca6fb2a296af/resourceGroups/nuwm-cloud/providers/Microsoft.Network/loadBalancers/Web-app-LB/probes/http-running-probe",
            "interval_in_seconds": 15,
            "load_balancer_rules": [
              "/subscriptions/35f00753-16fe-4350-b5ca-ca6fb2a296af/resourceGroups/nuwm-cloud/providers/Microsoft.Network/loadBalancers/Web-app-LB/loadBalancingRules/HTTP"
            ],
            "loadbalancer_id": "/subscriptions/35f00753-16fe-4350-b5ca-ca6fb2a296af/resourceGroups/nuwm-cloud/providers/Microsoft.Network/loadBalancers/Web-app-LB",
            "name": "http-running-probe",
            "number_of_probes": 2,
            "port": 80,
            "protocol": "Tcp",
            "request_path": "",
            "resource_group_name": "nuwm-cloud",
            "timeouts": null
          },
          "sensitive_attributes": [],
          "private": "eyJlMmJmYjczMC1lY2FhLTExZTYtOGY4OC0zNDM2M2JjN2M0YzAiOnsiY3JlYXRlIjoxODAwMDAwMDAwMDAwLCJkZWxldGUiOjE4MDAwMDAwMDAwMDAsInJlYWQiOjMwMDAwMDAwMDAwMCwidXBkYXRlIjoxODAwMDAwMDAwMDAwfX0=",
          "dependencies": [
            "azurerm_lb.web-app-lb",
            "azurerm_linux_virtual_machine.web",
            "azurerm_network_interface.vm-net-interface-private",
            "azurerm_public_ip.lb-public",
            "azurerm_resource_group.nuwm-cloud",
            "azurerm_subnet.vm-subnet",
            "azurerm_virtual_network.nuwm-cloud"
          ]
        }
      ]
    },
    {
      "mode": "managed",
      "type": "azurerm_lb_rule",
      "name": "http-rule",
      "provider": "provider[\"registry.terraform.io/hashicorp/azurerm\"]",
      "instances": [
        {
          "schema_version": 0,
          "attributes": {
            "backend_address_pool_id": "/subscriptions/35f00753-16fe-4350-b5ca-ca6fb2a296af/resourceGroups/nuwm-cloud/providers/Microsoft.Network/loadBalancers/Web-app-LB/backendAddressPools/LB-backend_address_pool",
            "backend_address_pool_ids": [
              "/subscriptions/35f00753-16fe-4350-b5ca-ca6fb2a296af/resourceGroups/nuwm-cloud/providers/Microsoft.Network/loadBalancers/Web-app-LB/backendAddressPools/LB-backend_address_pool"
            ],
            "backend_port": 80,
            "disable_outbound_snat": false,
            "enable_floating_ip": false,
            "enable_tcp_reset": false,
            "frontend_ip_configuration_id": "/subscriptions/35f00753-16fe-4350-b5ca-ca6fb2a296af/resourceGroups/nuwm-cloud/providers/Microsoft.Network/loadBalancers/Web-app-LB/frontendIPConfigurations/primary",
            "frontend_ip_configuration_name": "primary",
            "frontend_port": 80,
            "id": "/subscriptions/35f00753-16fe-4350-b5ca-ca6fb2a296af/resourceGroups/nuwm-cloud/providers/Microsoft.Network/loadBalancers/Web-app-LB/loadBalancingRules/HTTP",
            "idle_timeout_in_minutes": 4,
            "load_distribution": "Default",
            "loadbalancer_id": "/subscriptions/35f00753-16fe-4350-b5ca-ca6fb2a296af/resourceGroups/nuwm-cloud/providers/Microsoft.Network/loadBalancers/Web-app-LB",
            "name": "HTTP",
            "probe_id": "/subscriptions/35f00753-16fe-4350-b5ca-ca6fb2a296af/resourceGroups/nuwm-cloud/providers/Microsoft.Network/loadBalancers/Web-app-LB/probes/http-running-probe",
            "protocol": "Tcp",
            "resource_group_name": "nuwm-cloud",
            "timeouts": null
          },
          "sensitive_attributes": [],
          "private": "eyJlMmJmYjczMC1lY2FhLTExZTYtOGY4OC0zNDM2M2JjN2M0YzAiOnsiY3JlYXRlIjoxODAwMDAwMDAwMDAwLCJkZWxldGUiOjE4MDAwMDAwMDAwMDAsInJlYWQiOjMwMDAwMDAwMDAwMCwidXBkYXRlIjoxODAwMDAwMDAwMDAwfX0=",
          "dependencies": [
            "azurerm_lb.web-app-lb",
            "azurerm_lb_backend_address_pool.backend_pool",
            "azurerm_lb_probe.http-probe",
            "azurerm_linux_virtual_machine.web",
            "azurerm_network_interface.vm-net-interface-private",
            "azurerm_network_interface_backend_address_pool_association.web",
            "azurerm_public_ip.lb-public",
            "azurerm_resource_group.nuwm-cloud",
            "azurerm_subnet.vm-subnet",
            "azurerm_virtual_network.nuwm-cloud"
          ]
        }
      ]
    },
    {
      "mode": "managed",
      "type": "azurerm_linux_virtual_machine",
      "name": "management",
      "provider": "provider[\"registry.terraform.io/hashicorp/azurerm\"]",
      "instances": [
        {
          "schema_version": 0,
          "attributes": {
            "additional_capabilities": [],
            "admin_password": "c7Ywd5L6YR",
            "admin_ssh_key": [],
            "admin_username": "my-user",
            "allow_extension_operations": true,
            "availability_set_id": "",
            "boot_diagnostics": [],
            "computer_name": "management",
            "custom_data": null,
            "dedicated_host_id": "",
            "disable_password_authentication": false,
            "encryption_at_host_enabled": false,
            "eviction_policy": "",
            "extensions_time_budget": "PT1H30M",
            "id": "/subscriptions/35f00753-16fe-4350-b5ca-ca6fb2a296af/resourceGroups/nuwm-cloud/providers/Microsoft.Compute/virtualMachines/management",
            "identity": [],
            "license_type": "",
            "location": "australiaeast",
            "max_bid_price": -1,
            "name": "management",
            "network_interface_ids": [
              "/subscriptions/35f00753-16fe-4350-b5ca-ca6fb2a296af/resourceGroups/nuwm-cloud/providers/Microsoft.Network/networkInterfaces/vm-net-interface-pub"
            ],
            "os_disk": [
              {
                "caching": "ReadWrite",
                "diff_disk_settings": [],
                "disk_encryption_set_id": "",
                "disk_size_gb": 30,
                "name": "management_OsDisk_1_d193ce1b5c394686a3dc53b461577b8b",
                "storage_account_type": "Standard_LRS",
                "write_accelerator_enabled": false
              }
            ],
            "patch_mode": "ImageDefault",
            "plan": [],
            "platform_fault_domain": -1,
            "priority": "Regular",
            "private_ip_address": "10.0.1.5",
            "private_ip_addresses": [
              "10.0.1.5"
            ],
            "provision_vm_agent": true,
            "proximity_placement_group_id": "",
            "public_ip_address": "20.92.158.168",
            "public_ip_addresses": [
              "20.92.158.168"
            ],
            "resource_group_name": "nuwm-cloud",
            "secret": [],
            "secure_boot_enabled": false,
            "size": "Standard_B1s",
            "source_image_id": "",
            "source_image_reference": [
              {
                "offer": "UbuntuServer",
                "publisher": "Canonical",
                "sku": "18.04-LTS",
                "version": "latest"
              }
            ],
            "tags": {},
            "timeouts": null,
            "user_data": "",
            "virtual_machine_id": "2dd3f549-57dd-4634-9da7-55276162ac42",
            "virtual_machine_scale_set_id": "",
            "vtpm_enabled": false,
            "zone": ""
          },
          "sensitive_attributes": [],
          "private": "eyJlMmJmYjczMC1lY2FhLTExZTYtOGY4OC0zNDM2M2JjN2M0YzAiOnsiY3JlYXRlIjoyNzAwMDAwMDAwMDAwLCJkZWxldGUiOjI3MDAwMDAwMDAwMDAsInJlYWQiOjMwMDAwMDAwMDAwMCwidXBkYXRlIjoyNzAwMDAwMDAwMDAwfX0=",
          "dependencies": [
            "azurerm_network_interface.vm-net-interface-pub",
            "azurerm_public_ip.vm-public",
            "azurerm_resource_group.nuwm-cloud",
            "azurerm_subnet.vm-subnet",
            "azurerm_virtual_network.nuwm-cloud"
          ]
        }
      ]
    },
    {
      "mode": "managed",
      "type": "azurerm_linux_virtual_machine",
      "name": "web",
      "provider": "provider[\"registry.terraform.io/hashicorp/azurerm\"]",
      "instances": [
        {
          "index_key": 0,
          "schema_version": 0,
          "attributes": {
            "additional_capabilities": [],
            "admin_password": "c7Ywd5L6YR",
            "admin_ssh_key": [],
            "admin_username": "my-user",
            "allow_extension_operations": true,
            "availability_set_id": "",
            "boot_diagnostics": [],
            "computer_name": "web0",
            "custom_data": null,
            "dedicated_host_id": "",
            "disable_password_authentication": false,
            "encryption_at_host_enabled": false,
            "eviction_policy": "",
            "extensions_time_budget": "PT1H30M",
            "id": "/subscriptions/35f00753-16fe-4350-b5ca-ca6fb2a296af/resourceGroups/nuwm-cloud/providers/Microsoft.Compute/virtualMachines/web0",
            "identity": [],
            "license_type": "",
            "location": "australiaeast",
            "max_bid_price": -1,
            "name": "web0",
            "network_interface_ids": [
              "/subscriptions/35f00753-16fe-4350-b5ca-ca6fb2a296af/resourceGroups/nuwm-cloud/providers/Microsoft.Network/networkInterfaces/vm-net-interface-private-0"
            ],
            "os_disk": [
              {
                "caching": "ReadWrite",
                "diff_disk_settings": [],
                "disk_encryption_set_id": "",
                "disk_size_gb": 30,
                "name": "web0_OsDisk_1_5122c97b8a3c4bff8648429506a7c361",
                "storage_account_type": "Standard_LRS",
                "write_accelerator_enabled": false
              }
            ],
            "patch_mode": "ImageDefault",
            "plan": [],
            "platform_fault_domain": -1,
            "priority": "Regular",
            "private_ip_address": "10.0.1.6",
            "private_ip_addresses": [
              "10.0.1.6"
            ],
            "provision_vm_agent": true,
            "proximity_placement_group_id": "",
            "public_ip_address": "",
            "public_ip_addresses": [],
            "resource_group_name": "nuwm-cloud",
            "secret": [],
            "secure_boot_enabled": false,
            "size": "Standard_B1s",
            "source_image_id": "",
            "source_image_reference": [
              {
                "offer": "UbuntuServer",
                "publisher": "Canonical",
                "sku": "18.04-LTS",
                "version": "latest"
              }
            ],
            "tags": {},
            "timeouts": null,
            "user_data": "",
            "virtual_machine_id": "a2251f64-078c-4a05-87be-eadd9b8aed2f",
            "virtual_machine_scale_set_id": "",
            "vtpm_enabled": false,
            "zone": ""
          },
          "sensitive_attributes": [],
          "private": "eyJlMmJmYjczMC1lY2FhLTExZTYtOGY4OC0zNDM2M2JjN2M0YzAiOnsiY3JlYXRlIjoyNzAwMDAwMDAwMDAwLCJkZWxldGUiOjI3MDAwMDAwMDAwMDAsInJlYWQiOjMwMDAwMDAwMDAwMCwidXBkYXRlIjoyNzAwMDAwMDAwMDAwfX0=",
          "dependencies": [
            "azurerm_network_interface.vm-net-interface-private",
            "azurerm_resource_group.nuwm-cloud",
            "azurerm_subnet.vm-subnet",
            "azurerm_virtual_network.nuwm-cloud"
          ]
        },
        {
          "index_key": 1,
          "schema_version": 0,
          "attributes": {
            "additional_capabilities": [],
            "admin_password": "c7Ywd5L6YR",
            "admin_ssh_key": [],
            "admin_username": "my-user",
            "allow_extension_operations": true,
            "availability_set_id": "",
            "boot_diagnostics": [],
            "computer_name": "web1",
            "custom_data": null,
            "dedicated_host_id": "",
            "disable_password_authentication": false,
            "encryption_at_host_enabled": false,
            "eviction_policy": "",
            "extensions_time_budget": "PT1H30M",
            "id": "/subscriptions/35f00753-16fe-4350-b5ca-ca6fb2a296af/resourceGroups/nuwm-cloud/providers/Microsoft.Compute/virtualMachines/web1",
            "identity": [],
            "license_type": "",
            "location": "australiaeast",
            "max_bid_price": -1,
            "name": "web1",
            "network_interface_ids": [
              "/subscriptions/35f00753-16fe-4350-b5ca-ca6fb2a296af/resourceGroups/nuwm-cloud/providers/Microsoft.Network/networkInterfaces/vm-net-interface-private-1"
            ],
            "os_disk": [
              {
                "caching": "ReadWrite",
                "diff_disk_settings": [],
                "disk_encryption_set_id": "",
                "disk_size_gb": 30,
                "name": "web1_OsDisk_1_87bb59971f7a41439ec785472ef87c2f",
                "storage_account_type": "Standard_LRS",
                "write_accelerator_enabled": false
              }
            ],
            "patch_mode": "ImageDefault",
            "plan": [],
            "platform_fault_domain": -1,
            "priority": "Regular",
            "private_ip_address": "10.0.1.4",
            "private_ip_addresses": [
              "10.0.1.4"
            ],
            "provision_vm_agent": true,
            "proximity_placement_group_id": "",
            "public_ip_address": "",
            "public_ip_addresses": [],
            "resource_group_name": "nuwm-cloud",
            "secret": [],
            "secure_boot_enabled": false,
            "size": "Standard_B1s",
            "source_image_id": "",
            "source_image_reference": [
              {
                "offer": "UbuntuServer",
                "publisher": "Canonical",
                "sku": "18.04-LTS",
                "version": "latest"
              }
            ],
            "tags": {},
            "timeouts": null,
            "user_data": "",
            "virtual_machine_id": "0efb6d03-1fe9-4c73-817d-9b49b501ee90",
            "virtual_machine_scale_set_id": "",
            "vtpm_enabled": false,
            "zone": ""
          },
          "sensitive_attributes": [],
          "private": "eyJlMmJmYjczMC1lY2FhLTExZTYtOGY4OC0zNDM2M2JjN2M0YzAiOnsiY3JlYXRlIjoyNzAwMDAwMDAwMDAwLCJkZWxldGUiOjI3MDAwMDAwMDAwMDAsInJlYWQiOjMwMDAwMDAwMDAwMCwidXBkYXRlIjoyNzAwMDAwMDAwMDAwfX0=",
          "dependencies": [
            "azurerm_network_interface.vm-net-interface-private",
            "azurerm_resource_group.nuwm-cloud",
            "azurerm_subnet.vm-subnet",
            "azurerm_virtual_network.nuwm-cloud"
          ]
        }
      ]
    },
    {
      "mode": "managed",
      "type": "azurerm_network_interface",
      "name": "vm-net-interface-private",
      "provider": "provider[\"registry.terraform.io/hashicorp/azurerm\"]",
      "instances": [
        {
          "index_key": 0,
          "schema_version": 0,
          "attributes": {
            "applied_dns_servers": [],
            "dns_servers": [],
            "enable_accelerated_networking": false,
            "enable_ip_forwarding": false,
            "id": "/subscriptions/35f00753-16fe-4350-b5ca-ca6fb2a296af/resourceGroups/nuwm-cloud/providers/Microsoft.Network/networkInterfaces/vm-net-interface-private-0",
            "internal_dns_name_label": "",
            "internal_domain_name_suffix": "jwp2cuf5q1jepkxy12raczfvvb.px.internal.cloudapp.net",
            "ip_configuration": [
              {
                "gateway_load_balancer_frontend_ip_configuration_id": "",
                "name": "internal",
                "primary": true,
                "private_ip_address": "10.0.1.6",
                "private_ip_address_allocation": "Dynamic",
                "private_ip_address_version": "IPv4",
                "public_ip_address_id": "",
                "subnet_id": "/subscriptions/35f00753-16fe-4350-b5ca-ca6fb2a296af/resourceGroups/nuwm-cloud/providers/Microsoft.Network/virtualNetworks/nuwm-network/subnets/vm-subnet"
              }
            ],
            "location": "australiaeast",
            "mac_address": "00-22-48-93-66-A5",
            "name": "vm-net-interface-private-0",
            "private_ip_address": "10.0.1.6",
            "private_ip_addresses": [
              "10.0.1.6"
            ],
            "resource_group_name": "nuwm-cloud",
            "tags": {},
            "timeouts": null,
            "virtual_machine_id": "/subscriptions/35f00753-16fe-4350-b5ca-ca6fb2a296af/resourceGroups/nuwm-cloud/providers/Microsoft.Compute/virtualMachines/web0"
          },
          "sensitive_attributes": [],
          "private": "eyJlMmJmYjczMC1lY2FhLTExZTYtOGY4OC0zNDM2M2JjN2M0YzAiOnsiY3JlYXRlIjoxODAwMDAwMDAwMDAwLCJkZWxldGUiOjE4MDAwMDAwMDAwMDAsInJlYWQiOjMwMDAwMDAwMDAwMCwidXBkYXRlIjoxODAwMDAwMDAwMDAwfX0=",
          "dependencies": [
            "azurerm_resource_group.nuwm-cloud",
            "azurerm_subnet.vm-subnet",
            "azurerm_virtual_network.nuwm-cloud"
          ]
        },
        {
          "index_key": 1,
          "schema_version": 0,
          "attributes": {
            "applied_dns_servers": [],
            "dns_servers": [],
            "enable_accelerated_networking": false,
            "enable_ip_forwarding": false,
            "id": "/subscriptions/35f00753-16fe-4350-b5ca-ca6fb2a296af/resourceGroups/nuwm-cloud/providers/Microsoft.Network/networkInterfaces/vm-net-interface-private-1",
            "internal_dns_name_label": "",
            "internal_domain_name_suffix": "jwp2cuf5q1jepkxy12raczfvvb.px.internal.cloudapp.net",
            "ip_configuration": [
              {
                "gateway_load_balancer_frontend_ip_configuration_id": "",
                "name": "internal",
                "primary": true,
                "private_ip_address": "10.0.1.4",
                "private_ip_address_allocation": "Dynamic",
                "private_ip_address_version": "IPv4",
                "public_ip_address_id": "",
                "subnet_id": "/subscriptions/35f00753-16fe-4350-b5ca-ca6fb2a296af/resourceGroups/nuwm-cloud/providers/Microsoft.Network/virtualNetworks/nuwm-network/subnets/vm-subnet"
              }
            ],
            "location": "australiaeast",
            "mac_address": "00-22-48-94-E7-AA",
            "name": "vm-net-interface-private-1",
            "private_ip_address": "10.0.1.4",
            "private_ip_addresses": [
              "10.0.1.4"
            ],
            "resource_group_name": "nuwm-cloud",
            "tags": {},
            "timeouts": null,
            "virtual_machine_id": "/subscriptions/35f00753-16fe-4350-b5ca-ca6fb2a296af/resourceGroups/nuwm-cloud/providers/Microsoft.Compute/virtualMachines/web1"
          },
          "sensitive_attributes": [],
          "private": "eyJlMmJmYjczMC1lY2FhLTExZTYtOGY4OC0zNDM2M2JjN2M0YzAiOnsiY3JlYXRlIjoxODAwMDAwMDAwMDAwLCJkZWxldGUiOjE4MDAwMDAwMDAwMDAsInJlYWQiOjMwMDAwMDAwMDAwMCwidXBkYXRlIjoxODAwMDAwMDAwMDAwfX0=",
          "dependencies": [
            "azurerm_resource_group.nuwm-cloud",
            "azurerm_subnet.vm-subnet",
            "azurerm_virtual_network.nuwm-cloud"
          ]
        }
      ]
    },
    {
      "mode": "managed",
      "type": "azurerm_network_interface",
      "name": "vm-net-interface-pub",
      "provider": "provider[\"registry.terraform.io/hashicorp/azurerm\"]",
      "instances": [
        {
          "schema_version": 0,
          "attributes": {
            "applied_dns_servers": [],
            "dns_servers": [],
            "enable_accelerated_networking": false,
            "enable_ip_forwarding": false,
            "id": "/subscriptions/35f00753-16fe-4350-b5ca-ca6fb2a296af/resourceGroups/nuwm-cloud/providers/Microsoft.Network/networkInterfaces/vm-net-interface-pub",
            "internal_dns_name_label": "",
            "internal_domain_name_suffix": "jwp2cuf5q1jepkxy12raczfvvb.px.internal.cloudapp.net",
            "ip_configuration": [
              {
                "gateway_load_balancer_frontend_ip_configuration_id": "",
                "name": "public",
                "primary": true,
                "private_ip_address": "10.0.1.5",
                "private_ip_address_allocation": "Dynamic",
                "private_ip_address_version": "IPv4",
                "public_ip_address_id": "/subscriptions/35f00753-16fe-4350-b5ca-ca6fb2a296af/resourceGroups/nuwm-cloud/providers/Microsoft.Network/publicIPAddresses/vm-public",
                "subnet_id": "/subscriptions/35f00753-16fe-4350-b5ca-ca6fb2a296af/resourceGroups/nuwm-cloud/providers/Microsoft.Network/virtualNetworks/nuwm-network/subnets/vm-subnet"
              }
            ],
            "location": "australiaeast",
            "mac_address": "00-0D-3A-D1-4F-52",
            "name": "vm-net-interface-pub",
            "private_ip_address": "10.0.1.5",
            "private_ip_addresses": [
              "10.0.1.5"
            ],
            "resource_group_name": "nuwm-cloud",
            "tags": {},
            "timeouts": null,
            "virtual_machine_id": "/subscriptions/35f00753-16fe-4350-b5ca-ca6fb2a296af/resourceGroups/nuwm-cloud/providers/Microsoft.Compute/virtualMachines/management"
          },
          "sensitive_attributes": [],
          "private": "eyJlMmJmYjczMC1lY2FhLTExZTYtOGY4OC0zNDM2M2JjN2M0YzAiOnsiY3JlYXRlIjoxODAwMDAwMDAwMDAwLCJkZWxldGUiOjE4MDAwMDAwMDAwMDAsInJlYWQiOjMwMDAwMDAwMDAwMCwidXBkYXRlIjoxODAwMDAwMDAwMDAwfX0=",
          "dependencies": [
            "azurerm_public_ip.vm-public",
            "azurerm_resource_group.nuwm-cloud",
            "azurerm_subnet.vm-subnet",
            "azurerm_virtual_network.nuwm-cloud"
          ]
        }
      ]
    },
    {
      "mode": "managed",
      "type": "azurerm_network_interface_backend_address_pool_association",
      "name": "web",
      "provider": "provider[\"registry.terraform.io/hashicorp/azurerm\"]",
      "instances": [
        {
          "index_key": 0,
          "schema_version": 0,
          "attributes": {
            "backend_address_pool_id": "/subscriptions/35f00753-16fe-4350-b5ca-ca6fb2a296af/resourceGroups/nuwm-cloud/providers/Microsoft.Network/loadBalancers/Web-app-LB/backendAddressPools/LB-backend_address_pool",
            "id": "/subscriptions/35f00753-16fe-4350-b5ca-ca6fb2a296af/resourceGroups/nuwm-cloud/providers/Microsoft.Network/networkInterfaces/vm-net-interface-private-0/ipConfigurations/internal|/subscriptions/35f00753-16fe-4350-b5ca-ca6fb2a296af/resourceGroups/nuwm-cloud/providers/Microsoft.Network/loadBalancers/Web-app-LB/backendAddressPools/LB-backend_address_pool",
            "ip_configuration_name": "internal",
            "network_interface_id": "/subscriptions/35f00753-16fe-4350-b5ca-ca6fb2a296af/resourceGroups/nuwm-cloud/providers/Microsoft.Network/networkInterfaces/vm-net-interface-private-0",
            "timeouts": null
          },
          "sensitive_attributes": [],
          "private": "eyJlMmJmYjczMC1lY2FhLTExZTYtOGY4OC0zNDM2M2JjN2M0YzAiOnsiY3JlYXRlIjoxODAwMDAwMDAwMDAwLCJkZWxldGUiOjE4MDAwMDAwMDAwMDAsInJlYWQiOjMwMDAwMDAwMDAwMCwidXBkYXRlIjoxODAwMDAwMDAwMDAwfX0=",
          "dependencies": [
            "azurerm_lb.web-app-lb",
            "azurerm_lb_backend_address_pool.backend_pool",
            "azurerm_linux_virtual_machine.web",
            "azurerm_network_interface.vm-net-interface-private",
            "azurerm_public_ip.lb-public",
            "azurerm_resource_group.nuwm-cloud",
            "azurerm_subnet.vm-subnet",
            "azurerm_virtual_network.nuwm-cloud"
          ]
        },
        {
          "index_key": 1,
          "schema_version": 0,
          "attributes": {
            "backend_address_pool_id": "/subscriptions/35f00753-16fe-4350-b5ca-ca6fb2a296af/resourceGroups/nuwm-cloud/providers/Microsoft.Network/loadBalancers/Web-app-LB/backendAddressPools/LB-backend_address_pool",
            "id": "/subscriptions/35f00753-16fe-4350-b5ca-ca6fb2a296af/resourceGroups/nuwm-cloud/providers/Microsoft.Network/networkInterfaces/vm-net-interface-private-1/ipConfigurations/internal|/subscriptions/35f00753-16fe-4350-b5ca-ca6fb2a296af/resourceGroups/nuwm-cloud/providers/Microsoft.Network/loadBalancers/Web-app-LB/backendAddressPools/LB-backend_address_pool",
            "ip_configuration_name": "internal",
            "network_interface_id": "/subscriptions/35f00753-16fe-4350-b5ca-ca6fb2a296af/resourceGroups/nuwm-cloud/providers/Microsoft.Network/networkInterfaces/vm-net-interface-private-1",
            "timeouts": null
          },
          "sensitive_attributes": [],
          "private": "eyJlMmJmYjczMC1lY2FhLTExZTYtOGY4OC0zNDM2M2JjN2M0YzAiOnsiY3JlYXRlIjoxODAwMDAwMDAwMDAwLCJkZWxldGUiOjE4MDAwMDAwMDAwMDAsInJlYWQiOjMwMDAwMDAwMDAwMCwidXBkYXRlIjoxODAwMDAwMDAwMDAwfX0=",
          "dependencies": [
            "azurerm_lb.web-app-lb",
            "azurerm_lb_backend_address_pool.backend_pool",
            "azurerm_linux_virtual_machine.web",
            "azurerm_network_interface.vm-net-interface-private",
            "azurerm_public_ip.lb-public",
            "azurerm_resource_group.nuwm-cloud",
            "azurerm_subnet.vm-subnet",
            "azurerm_virtual_network.nuwm-cloud"
          ]
        }
      ]
    },
    {
      "mode": "managed",
      "type": "azurerm_network_interface_security_group_association",
      "name": "security-private",
      "provider": "provider[\"registry.terraform.io/hashicorp/azurerm\"]",
      "instances": [
        {
          "index_key": 0,
          "schema_version": 0,
          "attributes": {
            "id": "/subscriptions/35f00753-16fe-4350-b5ca-ca6fb2a296af/resourceGroups/nuwm-cloud/providers/Microsoft.Network/networkInterfaces/vm-net-interface-private-0|/subscriptions/35f00753-16fe-4350-b5ca-ca6fb2a296af/resourceGroups/nuwm-cloud/providers/Microsoft.Network/networkSecurityGroups/nuwm-cloud-security-http",
            "network_interface_id": "/subscriptions/35f00753-16fe-4350-b5ca-ca6fb2a296af/resourceGroups/nuwm-cloud/providers/Microsoft.Network/networkInterfaces/vm-net-interface-private-0",
            "network_security_group_id": "/subscriptions/35f00753-16fe-4350-b5ca-ca6fb2a296af/resourceGroups/nuwm-cloud/providers/Microsoft.Network/networkSecurityGroups/nuwm-cloud-security-http",
            "timeouts": null
          },
          "sensitive_attributes": [],
          "private": "eyJlMmJmYjczMC1lY2FhLTExZTYtOGY4OC0zNDM2M2JjN2M0YzAiOnsiY3JlYXRlIjoxODAwMDAwMDAwMDAwLCJkZWxldGUiOjE4MDAwMDAwMDAwMDAsInJlYWQiOjMwMDAwMDAwMDAwMCwidXBkYXRlIjoxODAwMDAwMDAwMDAwfX0=",
          "dependencies": [
            "azurerm_network_interface.vm-net-interface-private",
            "azurerm_network_security_group.nuwm-cloud-security-http",
            "azurerm_resource_group.nuwm-cloud",
            "azurerm_subnet.vm-subnet",
            "azurerm_virtual_network.nuwm-cloud"
          ]
        },
        {
          "index_key": 1,
          "schema_version": 0,
          "attributes": {
            "id": "/subscriptions/35f00753-16fe-4350-b5ca-ca6fb2a296af/resourceGroups/nuwm-cloud/providers/Microsoft.Network/networkInterfaces/vm-net-interface-private-1|/subscriptions/35f00753-16fe-4350-b5ca-ca6fb2a296af/resourceGroups/nuwm-cloud/providers/Microsoft.Network/networkSecurityGroups/nuwm-cloud-security-http",
            "network_interface_id": "/subscriptions/35f00753-16fe-4350-b5ca-ca6fb2a296af/resourceGroups/nuwm-cloud/providers/Microsoft.Network/networkInterfaces/vm-net-interface-private-1",
            "network_security_group_id": "/subscriptions/35f00753-16fe-4350-b5ca-ca6fb2a296af/resourceGroups/nuwm-cloud/providers/Microsoft.Network/networkSecurityGroups/nuwm-cloud-security-http",
            "timeouts": null
          },
          "sensitive_attributes": [],
          "private": "eyJlMmJmYjczMC1lY2FhLTExZTYtOGY4OC0zNDM2M2JjN2M0YzAiOnsiY3JlYXRlIjoxODAwMDAwMDAwMDAwLCJkZWxldGUiOjE4MDAwMDAwMDAwMDAsInJlYWQiOjMwMDAwMDAwMDAwMCwidXBkYXRlIjoxODAwMDAwMDAwMDAwfX0=",
          "dependencies": [
            "azurerm_network_interface.vm-net-interface-private",
            "azurerm_network_security_group.nuwm-cloud-security-http",
            "azurerm_resource_group.nuwm-cloud",
            "azurerm_subnet.vm-subnet",
            "azurerm_virtual_network.nuwm-cloud"
          ]
        }
      ]
    },
    {
      "mode": "managed",
      "type": "azurerm_network_interface_security_group_association",
      "name": "security-pub",
      "provider": "provider[\"registry.terraform.io/hashicorp/azurerm\"]",
      "instances": [
        {
          "schema_version": 0,
          "attributes": {
            "id": "/subscriptions/35f00753-16fe-4350-b5ca-ca6fb2a296af/resourceGroups/nuwm-cloud/providers/Microsoft.Network/networkInterfaces/vm-net-interface-pub|/subscriptions/35f00753-16fe-4350-b5ca-ca6fb2a296af/resourceGroups/nuwm-cloud/providers/Microsoft.Network/networkSecurityGroups/nuwm-security-group-public",
            "network_interface_id": "/subscriptions/35f00753-16fe-4350-b5ca-ca6fb2a296af/resourceGroups/nuwm-cloud/providers/Microsoft.Network/networkInterfaces/vm-net-interface-pub",
            "network_security_group_id": "/subscriptions/35f00753-16fe-4350-b5ca-ca6fb2a296af/resourceGroups/nuwm-cloud/providers/Microsoft.Network/networkSecurityGroups/nuwm-security-group-public",
            "timeouts": null
          },
          "sensitive_attributes": [],
          "private": "eyJlMmJmYjczMC1lY2FhLTExZTYtOGY4OC0zNDM2M2JjN2M0YzAiOnsiY3JlYXRlIjoxODAwMDAwMDAwMDAwLCJkZWxldGUiOjE4MDAwMDAwMDAwMDAsInJlYWQiOjMwMDAwMDAwMDAwMCwidXBkYXRlIjoxODAwMDAwMDAwMDAwfX0=",
          "dependencies": [
            "azurerm_network_interface.vm-net-interface-pub",
            "azurerm_network_security_group.nuwm-cloud-security-public",
            "azurerm_public_ip.vm-public",
            "azurerm_resource_group.nuwm-cloud",
            "azurerm_subnet.vm-subnet",
            "azurerm_virtual_network.nuwm-cloud"
          ]
        }
      ]
    },
    {
      "mode": "managed",
      "type": "azurerm_network_security_group",
      "name": "nuwm-cloud-security-http",
      "provider": "provider[\"registry.terraform.io/hashicorp/azurerm\"]",
      "instances": [
        {
          "schema_version": 0,
          "attributes": {
            "id": "/subscriptions/35f00753-16fe-4350-b5ca-ca6fb2a296af/resourceGroups/nuwm-cloud/providers/Microsoft.Network/networkSecurityGroups/nuwm-cloud-security-http",
            "location": "australiaeast",
            "name": "nuwm-cloud-security-http",
            "resource_group_name": "nuwm-cloud",
            "security_rule": [
              {
                "access": "Allow",
                "description": "",
                "destination_address_prefix": "*",
                "destination_address_prefixes": [],
                "destination_application_security_group_ids": [],
                "destination_port_range": "80",
                "destination_port_ranges": [],
                "direction": "Inbound",
                "name": "allow-http",
                "priority": 100,
                "protocol": "Tcp",
                "source_address_prefix": "*",
                "source_address_prefixes": [],
                "source_application_security_group_ids": [],
                "source_port_range": "*",
                "source_port_ranges": []
              }
            ],
            "tags": {},
            "timeouts": null
          },
          "sensitive_attributes": [],
          "private": "eyJlMmJmYjczMC1lY2FhLTExZTYtOGY4OC0zNDM2M2JjN2M0YzAiOnsiY3JlYXRlIjoxODAwMDAwMDAwMDAwLCJkZWxldGUiOjE4MDAwMDAwMDAwMDAsInJlYWQiOjMwMDAwMDAwMDAwMCwidXBkYXRlIjoxODAwMDAwMDAwMDAwfX0=",
          "dependencies": [
            "azurerm_resource_group.nuwm-cloud"
          ]
        }
      ]
    },
    {
      "mode": "managed",
      "type": "azurerm_network_security_group",
      "name": "nuwm-cloud-security-public",
      "provider": "provider[\"registry.terraform.io/hashicorp/azurerm\"]",
      "instances": [
        {
          "schema_version": 0,
          "attributes": {
            "id": "/subscriptions/35f00753-16fe-4350-b5ca-ca6fb2a296af/resourceGroups/nuwm-cloud/providers/Microsoft.Network/networkSecurityGroups/nuwm-security-group-public",
            "location": "australiaeast",
            "name": "nuwm-security-group-public",
            "resource_group_name": "nuwm-cloud",
            "security_rule": [
              {
                "access": "Allow",
                "description": "",
                "destination_address_prefix": "*",
                "destination_address_prefixes": [],
                "destination_application_security_group_ids": [],
                "destination_port_range": "*",
                "destination_port_ranges": [],
                "direction": "Inbound",
                "name": "allow-ping",
                "priority": 100,
                "protocol": "Icmp",
                "source_address_prefix": "*",
                "source_address_prefixes": [],
                "source_application_security_group_ids": [],
                "source_port_range": "*",
                "source_port_ranges": []
              },
              {
                "access": "Allow",
                "description": "",
                "destination_address_prefix": "*",
                "destination_address_prefixes": [],
                "destination_application_security_group_ids": [],
                "destination_port_range": "22",
                "destination_port_ranges": [],
                "direction": "Inbound",
                "name": "allow-ssh",
                "priority": 110,
                "protocol": "Tcp",
                "source_address_prefix": "*",
                "source_address_prefixes": [],
                "source_application_security_group_ids": [],
                "source_port_range": "*",
                "source_port_ranges": []
              }
            ],
            "tags": {},
            "timeouts": null
          },
          "sensitive_attributes": [],
          "private": "eyJlMmJmYjczMC1lY2FhLTExZTYtOGY4OC0zNDM2M2JjN2M0YzAiOnsiY3JlYXRlIjoxODAwMDAwMDAwMDAwLCJkZWxldGUiOjE4MDAwMDAwMDAwMDAsInJlYWQiOjMwMDAwMDAwMDAwMCwidXBkYXRlIjoxODAwMDAwMDAwMDAwfX0=",
          "dependencies": [
            "azurerm_resource_group.nuwm-cloud"
          ]
        }
      ]
    },
    {
      "mode": "managed",
      "type": "azurerm_network_security_rule",
      "name": "allow-http",
      "provider": "provider[\"registry.terraform.io/hashicorp/azurerm\"]",
      "instances": [
        {
          "schema_version": 0,
          "attributes": {
            "access": "Allow",
            "description": "",
            "destination_address_prefix": "*",
            "destination_address_prefixes": [],
            "destination_application_security_group_ids": [],
            "destination_port_range": "80",
            "destination_port_ranges": [],
            "direction": "Inbound",
            "id": "/subscriptions/35f00753-16fe-4350-b5ca-ca6fb2a296af/resourceGroups/nuwm-cloud/providers/Microsoft.Network/networkSecurityGroups/nuwm-cloud-security-http/securityRules/allow-http",
            "name": "allow-http",
            "network_security_group_name": "nuwm-cloud-security-http",
            "priority": 100,
            "protocol": "Tcp",
            "resource_group_name": "nuwm-cloud",
            "source_address_prefix": "*",
            "source_address_prefixes": [],
            "source_application_security_group_ids": [],
            "source_port_range": "*",
            "source_port_ranges": [],
            "timeouts": null
          },
          "sensitive_attributes": [],
          "private": "eyJlMmJmYjczMC1lY2FhLTExZTYtOGY4OC0zNDM2M2JjN2M0YzAiOnsiY3JlYXRlIjoxODAwMDAwMDAwMDAwLCJkZWxldGUiOjE4MDAwMDAwMDAwMDAsInJlYWQiOjMwMDAwMDAwMDAwMCwidXBkYXRlIjoxODAwMDAwMDAwMDAwfX0=",
          "dependencies": [
            "azurerm_network_security_group.nuwm-cloud-security-http",
            "azurerm_resource_group.nuwm-cloud"
          ]
        }
      ]
    },
    {
      "mode": "managed",
      "type": "azurerm_network_security_rule",
      "name": "allow-ping",
      "provider": "provider[\"registry.terraform.io/hashicorp/azurerm\"]",
      "instances": [
        {
          "schema_version": 0,
          "attributes": {
            "access": "Allow",
            "description": "",
            "destination_address_prefix": "*",
            "destination_address_prefixes": [],
            "destination_application_security_group_ids": [],
            "destination_port_range": "*",
            "destination_port_ranges": [],
            "direction": "Inbound",
            "id": "/subscriptions/35f00753-16fe-4350-b5ca-ca6fb2a296af/resourceGroups/nuwm-cloud/providers/Microsoft.Network/networkSecurityGroups/nuwm-security-group-public/securityRules/allow-ping",
            "name": "allow-ping",
            "network_security_group_name": "nuwm-security-group-public",
            "priority": 100,
            "protocol": "Icmp",
            "resource_group_name": "nuwm-cloud",
            "source_address_prefix": "*",
            "source_address_prefixes": [],
            "source_application_security_group_ids": [],
            "source_port_range": "*",
            "source_port_ranges": [],
            "timeouts": null
          },
          "sensitive_attributes": [],
          "private": "eyJlMmJmYjczMC1lY2FhLTExZTYtOGY4OC0zNDM2M2JjN2M0YzAiOnsiY3JlYXRlIjoxODAwMDAwMDAwMDAwLCJkZWxldGUiOjE4MDAwMDAwMDAwMDAsInJlYWQiOjMwMDAwMDAwMDAwMCwidXBkYXRlIjoxODAwMDAwMDAwMDAwfX0=",
          "dependencies": [
            "azurerm_network_security_group.nuwm-cloud-security-public",
            "azurerm_resource_group.nuwm-cloud"
          ]
        }
      ]
    },
    {
      "mode": "managed",
      "type": "azurerm_network_security_rule",
      "name": "allow-ssh",
      "provider": "provider[\"registry.terraform.io/hashicorp/azurerm\"]",
      "instances": [
        {
          "schema_version": 0,
          "attributes": {
            "access": "Allow",
            "description": "",
            "destination_address_prefix": "*",
            "destination_address_prefixes": [],
            "destination_application_security_group_ids": [],
            "destination_port_range": "22",
            "destination_port_ranges": [],
            "direction": "Inbound",
            "id": "/subscriptions/35f00753-16fe-4350-b5ca-ca6fb2a296af/resourceGroups/nuwm-cloud/providers/Microsoft.Network/networkSecurityGroups/nuwm-security-group-public/securityRules/allow-ssh",
            "name": "allow-ssh",
            "network_security_group_name": "nuwm-security-group-public",
            "priority": 110,
            "protocol": "Tcp",
            "resource_group_name": "nuwm-cloud",
            "source_address_prefix": "*",
            "source_address_prefixes": [],
            "source_application_security_group_ids": [],
            "source_port_range": "*",
            "source_port_ranges": [],
            "timeouts": null
          },
          "sensitive_attributes": [],
          "private": "eyJlMmJmYjczMC1lY2FhLTExZTYtOGY4OC0zNDM2M2JjN2M0YzAiOnsiY3JlYXRlIjoxODAwMDAwMDAwMDAwLCJkZWxldGUiOjE4MDAwMDAwMDAwMDAsInJlYWQiOjMwMDAwMDAwMDAwMCwidXBkYXRlIjoxODAwMDAwMDAwMDAwfX0=",
          "dependencies": [
            "azurerm_network_security_group.nuwm-cloud-security-public",
            "azurerm_resource_group.nuwm-cloud"
          ]
        }
      ]
    },
    {
      "mode": "managed",
      "type": "azurerm_public_ip",
      "name": "lb-public",
      "provider": "provider[\"registry.terraform.io/hashicorp/azurerm\"]",
      "instances": [
        {
          "schema_version": 0,
          "attributes": {
            "allocation_method": "Static",
            "availability_zone": "Zone-Redundant",
            "domain_name_label": null,
            "fqdn": null,
            "id": "/subscriptions/35f00753-16fe-4350-b5ca-ca6fb2a296af/resourceGroups/nuwm-cloud/providers/Microsoft.Network/publicIPAddresses/lb-public",
            "idle_timeout_in_minutes": 4,
            "ip_address": "20.92.157.94",
            "ip_tags": {},
            "ip_version": "IPv4",
            "location": "australiaeast",
            "name": "lb-public",
            "public_ip_prefix_id": null,
            "resource_group_name": "nuwm-cloud",
            "reverse_fqdn": null,
            "sku": "Standard",
            "sku_tier": "Regional",
            "tags": {},
            "timeouts": null,
            "zones": []
          },
          "sensitive_attributes": [],
          "private": "eyJlMmJmYjczMC1lY2FhLTExZTYtOGY4OC0zNDM2M2JjN2M0YzAiOnsiY3JlYXRlIjoxODAwMDAwMDAwMDAwLCJkZWxldGUiOjE4MDAwMDAwMDAwMDAsInJlYWQiOjMwMDAwMDAwMDAwMCwidXBkYXRlIjoxODAwMDAwMDAwMDAwfX0=",
          "dependencies": [
            "azurerm_resource_group.nuwm-cloud"
          ]
        }
      ]
    },
    {
      "mode": "managed",
      "type": "azurerm_public_ip",
      "name": "vm-public",
      "provider": "provider[\"registry.terraform.io/hashicorp/azurerm\"]",
      "instances": [
        {
          "schema_version": 0,
          "attributes": {
            "allocation_method": "Static",
            "availability_zone": "Zone-Redundant",
            "domain_name_label": null,
            "fqdn": null,
            "id": "/subscriptions/35f00753-16fe-4350-b5ca-ca6fb2a296af/resourceGroups/nuwm-cloud/providers/Microsoft.Network/publicIPAddresses/vm-public",
            "idle_timeout_in_minutes": 4,
            "ip_address": "20.92.158.168",
            "ip_tags": {},
            "ip_version": "IPv4",
            "location": "australiaeast",
            "name": "vm-public",
            "public_ip_prefix_id": null,
            "resource_group_name": "nuwm-cloud",
            "reverse_fqdn": null,
            "sku": "Standard",
            "sku_tier": "Regional",
            "tags": {},
            "timeouts": null,
            "zones": []
          },
          "sensitive_attributes": [],
          "private": "eyJlMmJmYjczMC1lY2FhLTExZTYtOGY4OC0zNDM2M2JjN2M0YzAiOnsiY3JlYXRlIjoxODAwMDAwMDAwMDAwLCJkZWxldGUiOjE4MDAwMDAwMDAwMDAsInJlYWQiOjMwMDAwMDAwMDAwMCwidXBkYXRlIjoxODAwMDAwMDAwMDAwfX0=",
          "dependencies": [
            "azurerm_resource_group.nuwm-cloud"
          ]
        }
      ]
    },
    {
      "mode": "managed",
      "type": "azurerm_resource_group",
      "name": "nuwm-cloud",
      "provider": "provider[\"registry.terraform.io/hashicorp/azurerm\"]",
      "instances": [
        {
          "schema_version": 0,
          "attributes": {
            "id": "/subscriptions/35f00753-16fe-4350-b5ca-ca6fb2a296af/resourceGroups/nuwm-cloud",
            "location": "australiaeast",
            "name": "nuwm-cloud",
            "tags": {},
            "timeouts": null
          },
          "sensitive_attributes": [],
          "private": "eyJlMmJmYjczMC1lY2FhLTExZTYtOGY4OC0zNDM2M2JjN2M0YzAiOnsiY3JlYXRlIjo1NDAwMDAwMDAwMDAwLCJkZWxldGUiOjU0MDAwMDAwMDAwMDAsInJlYWQiOjMwMDAwMDAwMDAwMCwidXBkYXRlIjo1NDAwMDAwMDAwMDAwfX0="
        }
      ]
    },
    {
      "mode": "managed",
      "type": "azurerm_subnet",
      "name": "vm-subnet",
      "provider": "provider[\"registry.terraform.io/hashicorp/azurerm\"]",
      "instances": [
        {
          "schema_version": 0,
          "attributes": {
            "address_prefix": "10.0.1.0/24",
            "address_prefixes": [
              "10.0.1.0/24"
            ],
            "delegation": [],
            "enforce_private_link_endpoint_network_policies": false,
            "enforce_private_link_service_network_policies": false,
            "id": "/subscriptions/35f00753-16fe-4350-b5ca-ca6fb2a296af/resourceGroups/nuwm-cloud/providers/Microsoft.Network/virtualNetworks/nuwm-network/subnets/vm-subnet",
            "name": "vm-subnet",
            "resource_group_name": "nuwm-cloud",
            "service_endpoint_policy_ids": [],
            "service_endpoints": [],
            "timeouts": null,
            "virtual_network_name": "nuwm-network"
          },
          "sensitive_attributes": [],
          "private": "eyJlMmJmYjczMC1lY2FhLTExZTYtOGY4OC0zNDM2M2JjN2M0YzAiOnsiY3JlYXRlIjoxODAwMDAwMDAwMDAwLCJkZWxldGUiOjE4MDAwMDAwMDAwMDAsInJlYWQiOjMwMDAwMDAwMDAwMCwidXBkYXRlIjoxODAwMDAwMDAwMDAwfX0=",
          "dependencies": [
            "azurerm_resource_group.nuwm-cloud",
            "azurerm_virtual_network.nuwm-cloud"
          ]
        }
      ]
    },
    {
      "mode": "managed",
      "type": "azurerm_virtual_machine_extension",
      "name": "install-ansible",
      "provider": "provider[\"registry.terraform.io/hashicorp/azurerm\"]",
      "instances": [
        {
          "schema_version": 0,
          "attributes": {
            "auto_upgrade_minor_version": false,
            "automatic_upgrade_enabled": false,
            "id": "/subscriptions/35f00753-16fe-4350-b5ca-ca6fb2a296af/resourceGroups/nuwm-cloud/providers/Microsoft.Compute/virtualMachines/management/extensions/install-ansible",
            "name": "install-ansible",
            "protected_settings": null,
            "publisher": "Microsoft.Azure.Extensions",
            "settings": "{\"commandToExecute\":\"sudo apt update \\u0026\\u0026 sudo apt install -y software-properties-common \\u0026\\u0026 sudo add-apt-repository --yes --update ppa:ansible/ansible \\u0026\\u0026 sudo apt install ansible -y\"}",
            "tags": {},
            "timeouts": null,
            "type": "CustomScript",
            "type_handler_version": "2.0",
            "virtual_machine_id": "/subscriptions/35f00753-16fe-4350-b5ca-ca6fb2a296af/resourceGroups/nuwm-cloud/providers/Microsoft.Compute/virtualMachines/management"
          },
          "sensitive_attributes": [],
          "private": "eyJlMmJmYjczMC1lY2FhLTExZTYtOGY4OC0zNDM2M2JjN2M0YzAiOnsiY3JlYXRlIjoxODAwMDAwMDAwMDAwLCJkZWxldGUiOjE4MDAwMDAwMDAwMDAsInJlYWQiOjMwMDAwMDAwMDAwMCwidXBkYXRlIjoxODAwMDAwMDAwMDAwfX0=",
          "dependencies": [
            "azurerm_linux_virtual_machine.management",
            "azurerm_network_interface.vm-net-interface-pub",
            "azurerm_public_ip.vm-public",
            "azurerm_resource_group.nuwm-cloud",
            "azurerm_subnet.vm-subnet",
            "azurerm_virtual_network.nuwm-cloud"
          ]
        }
      ]
    },
    {
      "mode": "managed",
      "type": "azurerm_virtual_network",
      "name": "nuwm-cloud",
      "provider": "provider[\"registry.terraform.io/hashicorp/azurerm\"]",
      "instances": [
        {
          "schema_version": 0,
          "attributes": {
            "address_space": [
              "10.0.0.0/16"
            ],
            "bgp_community": "",
            "ddos_protection_plan": [],
            "dns_servers": [],
            "flow_timeout_in_minutes": 0,
            "guid": "50c19f4d-86bf-47d2-aaf8-df220164b5a9",
            "id": "/subscriptions/35f00753-16fe-4350-b5ca-ca6fb2a296af/resourceGroups/nuwm-cloud/providers/Microsoft.Network/virtualNetworks/nuwm-network",
            "location": "australiaeast",
            "name": "nuwm-network",
            "resource_group_name": "nuwm-cloud",
            "subnet": [
              {
                "address_prefix": "10.0.1.0/24",
                "id": "/subscriptions/35f00753-16fe-4350-b5ca-ca6fb2a296af/resourceGroups/nuwm-cloud/providers/Microsoft.Network/virtualNetworks/nuwm-network/subnets/vm-subnet",
                "name": "vm-subnet",
                "security_group": ""
              }
            ],
            "tags": {},
            "timeouts": null,
            "vm_protection_enabled": false
          },
          "sensitive_attributes": [],
          "private": "eyJlMmJmYjczMC1lY2FhLTExZTYtOGY4OC0zNDM2M2JjN2M0YzAiOnsiY3JlYXRlIjoxODAwMDAwMDAwMDAwLCJkZWxldGUiOjE4MDAwMDAwMDAwMDAsInJlYWQiOjMwMDAwMDAwMDAwMCwidXBkYXRlIjoxODAwMDAwMDAwMDAwfX0=",
          "dependencies": [
            "azurerm_resource_group.nuwm-cloud"
          ]
        }
      ]
    },
    {
      "mode": "managed",
      "type": "local_file",
      "name": "ansible_inventory",
      "provider": "provider[\"registry.terraform.io/hashicorp/local\"]",
      "instances": [
        {
          "schema_version": 0,
          "attributes": {
            "content": "[web_app_servers]\n10.0.1.6\n10.0.1.4\n",
            "content_base64": null,
            "directory_permission": "0777",
            "file_permission": "0777",
            "filename": "./ansible/inventory",
            "id": "c1a30d905a0feac5acf9bfd367e92246e636c2a0",
            "sensitive_content": null,
            "source": null
          },
          "sensitive_attributes": [],
          "private": "bnVsbA==",
          "dependencies": [
            "azurerm_network_interface.vm-net-interface-private"
          ]
        }
      ]
    }
  ]
}
